# This file is automatically @generated by Cargo.
# It is not intended for manual editing.
version = 3

[[package]]
name = "append-only-vec"
version = "0.1.2"
source = "registry+https://github.com/rust-lang/crates.io-index"
checksum = "5608767d94038891df4c7bb82f6b1beb55fe3d204735985e20de329bc35d5fee"

[[package]]
name = "elsa"
version = "1.7.0"
source = "registry+https://github.com/rust-lang/crates.io-index"
checksum = "2b4b5d23ed6b6948d68240aafa4ac98e568c9a020efd9d4201a6288bc3006e09"
dependencies = [
 "stable_deref_trait",
]

[[package]]
name = "rustagrad"
version = "0.1.0"
dependencies = [
 "append-only-vec",
 "elsa",
]

[[package]]
name = "stable_deref_trait"
version = "1.2.0"
source = "registry+https://github.com/rust-lang/crates.io-index"
checksum = "a8f112729512f8e442d81f95a8a7ddf2b7c6b8a1a6f509a95864142b30cab2d3"
